{
    "_readme": [
        "This file locks the dependencies of your project to a known state",
        "Read more about it at https://getcomposer.org/doc/01-basic-usage.md#installing-dependencies",
        "This file is @generated automatically"
    ],
    "content-hash": "dc4decb1b3c17c8249500b14df509080",
    "packages": [
        {
            "name": "test/a",
            "version": "dev-master",
            "dist": {
                "type": "path",
                "url": "./packages/A",
                "reference": "f9905622871e6f64a86ab0874ebef9e9eb3d4fac"
            },
            "require": {
                "test/b": "*@dev || ^1.0"
            },
            "require-dev": {
                "test/c": "*@dev || ^1.0"
            },
            "type": "library",
            "autoload": {
                "psr-4": {
                    "MonoRepo\\A\\": "."
                }
            },
            "transport-options": {
                "relative": true
            }
        },
        {
            "name": "test/b",
            "version": "dev-master",
            "dist": {
                "type": "path",
                "url": "./packages/B",
                "reference": "1539dd691f701857bdfa03653a7e5299f36abc9b"
            },
            "type": "library",
            "autoload": {
                "psr-4": {
                    "MonoRepo\\B\\": "."
                }
            },
            "transport-options": {
                "relative": true
            }
        },
        {
            "name": "test/c",
            "version": "dev-master",
            "dist": {
                "type": "path",
                "url": "./packages/C",
                "reference": "04b8c26b10b517fc66b92afa9f7c98db0cb05c07"
            },
            "require": {
                "test/b": "*@dev || ^1.0"
            },
            "type": "library",
            "autoload": {
                "psr-4": {
                    "MonoRepo\\C\\": "."
                }
            },
            "transport-options": {
                "relative": true
            }
        }
    ],
    "packages-dev": [
        {
            "name": "soyuka/pmu",
            "version": "dev-master",
            "dist": {
                "type": "path",
                "url": "../..",
                "reference": "f40b379a466ed1cc179b4a7ffbaae2157b20dccb"
            },
            "require": {
                "composer-plugin-api": "^2.0"
            },
            "require-dev": {
                "composer/composer": "^2.7",
                "phpstan/phpstan": "^1.10",
                "symfony/var-dumper": "^7.0"
            },
            "type": "composer-plugin",
            "extra": {
                "class": "Pmu\\Composer\\Plugin",
                "plugin-optional": true
            },
            "autoload": {
                "psr-4": {
                    "Pmu\\": "src/"
                }
            },
            "license": [
                "MIT"
            ],
            "authors": [
                {
                    "name": "soyuka",
                    "email": "soyuka@users.noreply.github.com"
                }
            ],
            "description": "PHP Mono Repository Utility",
            "transport-options": {
                "relative": true
            }
        }
    ],
    "aliases": [],
    "minimum-stability": "dev",
    "stability-flags": {
        "test/a": 20,
        "test/b": 20,
        "test/c": 20,
        "soyuka/pmu": 20
    },
    "prefer-stable": false,
    "prefer-lowest": false,
    "platform": [],
    "platform-dev": [],
    "plugin-api-version": "2.6.0"
}
